
Microsoft Visual Studio Solution File, Format Version 12.00
# Visual Studio Version 17
VisualStudioVersion = 17.8.34511.84
MinimumVisualStudioVersion = 10.0.40219.1
Project("{9A19103F-16F7-4668-BE54-9A1E7A4F7556}") = "OpenXmlTemplator.Docx", "OpenXmlTemplator.Docx\OpenXmlTemplator.Docx.csproj", "{B9AB338A-FA98-4CC8-B259-65F40E0DD2A1}"
EndProject
Project("{9A19103F-16F7-4668-BE54-9A1E7A4F7556}") = "OpenXmlTemplator.Tests", "OpenXmlTemplator.Tests\OpenXmlTemplator.Tests.csproj", "{CDF8E679-1596-40E2-87D8-4BA1C7C025C1}"
EndProject
Project("{2150E333-8FDC-42A3-9474-1A3956D46DE8}") = "Solution Items", "Solution Items", "{CBCA4C03-860E-450E-9D6D-5E64B41E4B7F}"
	ProjectSection(SolutionItems) = preProject
		README.md = README.md
	EndProjectSection
EndProject
Global
	GlobalSection(SolutionConfigurationPlatforms) = preSolution
		Debug|Any CPU = Debug|Any CPU
		Release|Any CPU = Release|Any CPU
	EndGlobalSection
	GlobalSection(ProjectConfigurationPlatforms) = postSolution
		{B9AB338A-FA98-4CC8-B259-65F40E0DD2A1}.Debug|Any CPU.ActiveCfg = Debug|Any CPU
		{B9AB338A-FA98-4CC8-B259-65F40E0DD2A1}.Debug|Any CPU.Build.0 = Debug|Any CPU
		{B9AB338A-FA98-4CC8-B259-65F40E0DD2A1}.Release|Any CPU.ActiveCfg = Release|Any CPU
		{B9AB338A-FA98-4CC8-B259-65F40E0DD2A1}.Release|Any CPU.Build.0 = Release|Any CPU
		{CDF8E679-1596-40E2-87D8-4BA1C7C025C1}.Debug|Any CPU.ActiveCfg = Debug|Any CPU
		{CDF8E679-1596-40E2-87D8-4BA1C7C025C1}.Debug|Any CPU.Build.0 = Debug|Any CPU
		{CDF8E679-1596-40E2-87D8-4BA1C7C025C1}.Release|Any CPU.ActiveCfg = Release|Any CPU
		{CDF8E679-1596-40E2-87D8-4BA1C7C025C1}.Release|Any CPU.Build.0 = Release|Any CPU
	EndGlobalSection
	GlobalSection(SolutionProperties) = preSolution
		HideSolutionNode = FALSE
	EndGlobalSection
	GlobalSection(ExtensibilityGlobals) = postSolution
		SolutionGuid = {03309982-6E74-4208-85C6-D89AA121A831}
	EndGlobalSection
EndGlobal
